// !$*UTF8*$!
{
	archiveVersion = 1;
	classes = {
	};
	objectVersion = 46;
	objects = {

/* Begin PBXBuildFile section */
		4CD40FE91F13D33900F233BE /* AppDelegate.swift in Sources */ = {isa = PBXBuildFile; fileRef = 4CD40FE81F13D33900F233BE /* AppDelegate.swift */; };
		4CD40FEB1F13D33900F233BE /* ViewController.swift in Sources */ = {isa = PBXBuildFile; fileRef = 4CD40FEA1F13D33900F233BE /* ViewController.swift */; };
		4CD40FEE1F13D33900F233BE /* Main.storyboard in Resources */ = {isa = PBXBuildFile; fileRef = 4CD40FEC1F13D33900F233BE /* Main.storyboard */; };
		4CD40FF01F13D33900F233BE /* Assets.xcassets in Resources */ = {isa = PBXBuildFile; fileRef = 4CD40FEF1F13D33900F233BE /* Assets.xcassets */; };
		4CD40FF31F13D33900F233BE /* LaunchScreen.storyboard in Resources */ = {isa = PBXBuildFile; fileRef = 4CD40FF11F13D33900F233BE /* LaunchScreen.storyboard */; };
/* End PBXBuildFile section */

/* Begin PBXFileReference section */
		4CD40FE51F13D33900F233BE /* cookiesnapkit.app */ = {isa = PBXFileReference; explicitFileType = wrapper.application; includeInIndex = 0; path = cookiesnapkit.app; sourceTree = BUILT_PRODUCTS_DIR; };
		4CD40FE81F13D33900F233BE /* AppDelegate.swift */ = {isa = PBXFileReference; lastKnownFileType = sourcecode.swift; path = AppDelegate.swift; sourceTree = "<group>"; };
		4CD40FEA1F13D33900F233BE /* ViewController.swift */ = {isa = PBXFileReference; lastKnownFileType = sourcecode.swift; path = ViewController.swift; sourceTree = "<group>"; };
		4CD40FED1F13D33900F233BE /* Base */ = {isa = PBXFileReference; lastKnownFileType = file.storyboard; name = Base; path = Base.lproj/Main.storyboard; sourceTree = "<group>"; };
		4CD40FEF1F13D33900F233BE /* Assets.xcassets */ = {isa = PBXFileReference; lastKnownFileType = folder.assetcatalog; path = Assets.xcassets; sourceTree = "<group>"; };
		4CD40FF21F13D33900F233BE /* Base */ = {isa = PBXFileReference; lastKnownFileType = file.storyboard; name = Base; path = Base.lproj/LaunchScreen.storyboard; sourceTree = "<group>"; };
		4CD40FF41F13D33900F233BE /* Info.plist */ = {isa = PBXFileReference; lastKnownFileType = text.plist.xml; path = Info.plist; sourceTree = "<group>"; };
/* End PBXFileReference section */

/* Begin PBXFrameworksBuildPhase section */
		4CD40FE21F13D33900F233BE /* Frameworks */ = {
			isa = PBXFrameworksBuildPhase;
			buildActionMask = 2147483647;
			files = (
			);
			runOnlyForDeploymentPostprocessing = 0;
		};
/* End PBXFrameworksBuildPhase section */

/* Begin PBXGroup section */
		4CD40FDC1F13D33900F233BE = {
			isa = PBXGroup;
			children = (
				4CD40FE71F13D33900F233BE /* cookiesnapkit */,
				4CD40FE61F13D33900F233BE /* Products */,
			);
			sourceTree = "<group>";
		};
		4CD40FE61F13D33900F233BE /* Products */ = {
			isa = PBXGroup;
			children = (
				4CD40FE51F13D33900F233BE /* cookiesnapkit.app */,
			);
			name = Products;
			sourceTree = "<group>";
		};
		4CD40FE71F13D33900F233BE /* cookiesnapkit */ = {
			isa = PBXGroup;
			children = (
				4CD40FE81F13D33900F233BE /* AppDelegate.swift */,
				4CD40FEA1F13D33900F233BE /* ViewController.swift */,
				4CD40FEC1F13D33900F233BE /* Main.storyboard */,
				4CD40FEF1F13D33900F233BE /* Assets.xcassets */,
				4CD40FF11F13D33900F233BE /* LaunchScreen.storyboard */,
				4CD40FF41F13D33900F233BE /* Info.plist */,
			);
			path = cookiesnapkit;
			sourceTree = "<group>";
		};
/* End PBXGroup section */

/* Begin PBXNativeTarget section */
		4CD40FE41F13D33900F233BE /* cookiesnapkit */ = {
			isa = PBXNativeTarget;
			buildConfigurationList = 4CD40FF71F13D33900F233BE /* Build configuration list for PBXNativeTarget "cookiesnapkit" */;
			buildPhases = (
				4CD40FE11F13D33900F233BE /* Sources */,
				4CD40FE21F13D33900F233BE /* Frameworks */,
				4CD40FE31F13D33900F233BE /* Resources */,
			);
			buildRules = (
			);
			dependencies = (
			);
			name = cookiesnapkit;
			productName = cookiesnapkit;
			productReference = 4CD40FE51F13D33900F233BE /* cookiesnapkit.app */;
			productType = "com.apple.product-type.application";
		};
/* End PBXNativeTarget section */

/* Begin PBXProject section */
		4CD40FDD1F13D33900F233BE /* Project object */ = {
			isa = PBXProject;
			attributes = {
				LastSwiftUpdateCheck = 0830;
				LastUpgradeCheck = 0830;
				ORGANIZATIONNAME = "Abdul Ajetunmobi";
				TargetAttributes = {
					4CD40FE41F13D33900F233BE = {
						CreatedOnToolsVersion = 8.3.3;
						DevelopmentTeam = BQ9D43VRKA;
						ProvisioningStyle = Automatic;
					};
				};
			};
			buildConfigurationList = 4CD40FE01F13D33900F233BE /* Build configuration list for PBXProject "cookiesnapkit" */;
			compatibilityVersion = "Xcode 3.2";
			developmentRegion = English;
			hasScannedForEncodings = 0;
			knownRegions = (
				en,
				Base,
			);
			mainGroup = 4CD40FDC1F13D33900F233BE;
			productRefGroup = 4CD40FE61F13D33900F233BE /* Products */;
			projectDirPath = "";
			projectRoot = "";
			targets = (
				4CD40FE41F13D33900F233BE /* cookiesnapkit */,
			);
		};
/* End PBXProject section */

/* Begin PBXResourcesBuildPhase section */
		4CD40FE31F13D33900F233BE /* Resources */ = {
			isa = PBXResourcesBuildPhase;
			buildActionMask = 2147483647;
			files = (
				4CD40FF31F13D33900F233BE /* LaunchScreen.storyboard in Resources */,
				4CD40FF01F13D33900F233BE /* Assets.xcassets in Resources */,
				4CD40FEE1F13D33900F233BE /* Main.storyboard in Resources */,
			);
			runOnlyForDeploymentPostprocessing = 0;
		};
/* End PBXResourcesBuildPhase section */

/* Begin PBXSourcesBuildPhase section */
		4CD40FE11F13D33900F233BE /* Sources */ = {
			isa = PBXSourcesBuildPhase;
			buildActionMask = 2147483647;
			files = (
				4CD40FEB1F13D33900F233BE /* ViewController.swift in Sources */,
				4CD40FE91F13D33900F233BE /* AppDelegate.swift in Sources */,
			);
			runOnlyForDeploymentPostprocessing = 0;
		};
/* End PBXSourcesBuildPhase section */

/* Begin PBXVariantGroup section */
		4CD40FEC1F13D33900F233BE /* Main.storyboard */ = {
			isa = PBXVariantGroup;
			children = (
				4CD40FED1F13D33900F233BE /* Base */,
			);
			name = Main.storyboard;
			sourceTree = "<group>";
		};
		4CD40FF11F13D33900F233BE /* LaunchScreen.storyboard */ = {
			isa = PBXVariantGroup;
			children = (
				4CD40FF21F13D33900F233BE /* Base */,
			);
			name = LaunchScreen.storyboard;
			sourceTree = "<group>";
		};
/* End PBXVariantGroup section */

/* Begin XCBuildConfiguration section */
		4CD40FF51F13D33900F233BE /* Debug */ = {
			isa = XCBuildConfiguration;
			buildSettings = {
				ALWAYS_SEARCH_USER_PATHS = NO;
				CLANG_ANALYZER_NONNULL = YES;
				CLANG_ANALYZER_NUMBER_OBJECT_CONVERSION = YES_AGGRESSIVE;
				CLANG_CXX_LANGUAGE_STANDARD = "gnu++0x";
				CLANG_CXX_LIBRARY = "libc++";
				CLANG_ENABLE_MODULES = YES;
				CLANG_ENABLE_OBJC_ARC = YES;
				CLANG_WARN_BOOL_CONVERSION = YES;
				CLANG_WARN_CONSTANT_CONVERSION = YES;
				CLANG_WARN_DIRECT_OBJC_ISA_USAGE = YES_ERROR;
				CLANG_WARN_DOCUMENTATION_COMMENTS = YES;
				CLANG_WARN_EMPTY_BODY = YES;
				CLANG_WARN_ENUM_CONVERSION = YES;
				CLANG_WARN_INFINITE_RECURSION = YES;
				CLANG_WARN_INT_CONVERSION = YES;
				CLANG_WARN_OBJC_ROOT_CLASS = YES_ERROR;
				CLANG_WARN_SUSPICIOUS_MOVE = YES;
				CLANG_WARN_UNREACHABLE_CODE = YES;
				CLANG_WARN__DUPLICATE_METHOD_MATCH = YES;
				"CODE_SIGN_IDENTITY[sdk=iphoneos*]" = "iPhone Developer";
				COPY_PHASE_STRIP = NO;
				DEBUG_INFORMATION_FORMAT = dwarf;
				ENABLE_STRICT_OBJC_MSGSEND = YES;
				ENABLE_TESTABILITY = YES;
				GCC_C_LANGUAGE_STANDARD = gnu99;
				GCC_DYNAMIC_NO_PIC = NO;
				GCC_NO_COMMON_BLOCKS = YES;
				GCC_OPTIMIZATION_LEVEL = 0;
				GCC_PREPROCESSOR_DEFINITIONS = (
					"DEBUG=1",
					"$(inherited)",
				);
				GCC_WARN_64_TO_32_BIT_CONVERSION = YES;
				GCC_WARN_ABOUT_RETURN_TYPE = YES_ERROR;
				GCC_WARN_UNDECLARED_SELECTOR = YES;
				GCC_WARN_UNINITIALIZED_AUTOS = YES_AGGRESSIVE;
				GCC_WARN_UNUSED_FUNCTION = YES;
				GCC_WARN_UNUSED_VARIABLE = YES;
				IPHONEOS_DEPLOYMENT_TARGET = 10.3;
				MTL_ENABLE_DEBUG_INFO = YES;
				ONLY_ACTIVE_ARCH = YES;
				SDKROOT = iphoneos;
				SWIFT_ACTIVE_COMPILATION_CONDITIONS = DEBUG;
				SWIFT_OPTIMIZATION_LEVEL = "-Onone";
				TARGETED_DEVICE_FAMILY = "1,2";
			};
			name = Debug;
		};
		4CD40FF61F13D33900F233BE /* Release */ = {
			isa = XCBuildConfiguration;
			buildSettings = {
				ALWAYS_SEARCH_USER_PATHS = NO;
				CLANG_ANALYZER_NONNULL = YES;
				CLANG_ANALYZER_NUMBER_OBJECT_CONVERSION = YES_AGGRESSIVE;
				CLANG_CXX_LANGUAGE_STANDARD = "gnu++0x";
				CLANG_CXX_LIBRARY = "libc++";
				CLANG_ENABLE_MODULES = YES;
				CLANG_ENABLE_OBJC_ARC = YES;
				CLANG_WARN_BOOL_CONVERSION = YES;
				CLANG_WARN_CONSTANT_CONVERSION = YES;
				CLANG_WARN_DIRECT_OBJC_ISA_USAGE = YES_ERROR;
				CLANG_WARN_DOCUMENTATION_COMMENTS = YES;
				CLANG_WARN_EMPTY_BODY = YES;
				CLANG_WARN_ENUM_CONVERSION = YES;
				CLANG_WARN_INFINITE_RECURSION = YES;
				CLANG_WARN_INT_CONVERSION = YES;
				CLANG_WARN_OBJC_ROOT_CLASS = YES_ERROR;
				CLANG_WARN_SUSPICIOUS_MOVE = YES;
				CLANG_WARN_UNREACHABLE_CODE = YES;
				CLANG_WARN__DUPLICATE_METHOD_MATCH = YES;
				"CODE_SIGN_IDENTITY[sdk=iphoneos*]" = "iPhone Developer";
				COPY_PHASE_STRIP = NO;
				DEBUG_INFORMATION_FORMAT = "dwarf-with-dsym";
				ENABLE_NS_ASSERTIONS = NO;
				ENABLE_STRICT_OBJC_MSGSEND = YES;
				GCC_C_LANGUAGE_STANDARD = gnu99;
				GCC_NO_COMMON_BLOCKS = YES;
				GCC_WARN_64_TO_32_BIT_CONVERSION = YES;
				GCC_WARN_ABOUT_RETURN_TYPE = YES_ERROR;
				GCC_WARN_UNDECLARED_SELECTOR = YES;
				GCC_WARN_UNINITIALIZED_AUTOS = YES_AGGRESSIVE;
				GCC_WARN_UNUSED_FUNCTION = YES;
				GCC_WARN_UNUSED_VARIABLE = YES;
				IPHONEOS_DEPLOYMENT_TARGET = 10.3;
				MTL_ENABLE_DEBUG_INFO = NO;
				SDKROOT = iphoneos;
				SWIFT_OPTIMIZATION_LEVEL = "-Owholemodule";
				TARGETED_DEVICE_FAMILY = "1,2";
				VALIDATE_PRODUCT = YES;
			};
			name = Release;
		};
		4CD40FF81F13D33900F233BE /* Debug */ = {
			isa = XCBuildConfiguration;
			buildSettings = {
				ASSETCATALOG_COMPILER_APPICON_NAME = AppIcon;
				DEVELOPMENT_TEAM = BQ9D43VRKA;
				INFOPLIST_FILE = cookiesnapkit/Info.plist;
				LD_RUNPATH_SEARCH_PATHS = "$(inherited) @executable_path/Frameworks";
				PRODUCT_BUNDLE_IDENTIFIER = abdulajet.me.cookiesnapkit;
				PRODUCT_NAME = "$(TARGET_NAME)";
				SWIFT_VERSION = 3.0;
			};
			name = Debug;
		};
		4CD40FF91F13D33900F233BE /* Release */ = {
			isa = XCBuildConfiguration;
			buildSettings = {
				ASSETCATALOG_COMPILER_APPICON_NAME = AppIcon;
				DEVELOPMENT_TEAM = BQ9D43VRKA;
				INFOPLIST_FILE = cookiesnapkit/Info.plist;
				LD_RUNPATH_SEARCH_PATHS = "$(inherited) @executable_path/Frameworks";
				PRODUCT_BUNDLE_IDENTIFIER = abdulajet.me.cookiesnapkit;
				PRODUCT_NAME = "$(TARGET_NAME)";
				SWIFT_VERSION = 3.0;
			};
			name = Release;
		};
/* End XCBuildConfiguration section */

/* Begin XCConfigurationList section */
		4CD40FE01F13D33900F233BE /* Build configuration list for PBXProject "cookiesnapkit" */ = {
			isa = XCConfigurationList;
			buildConfigurations = (
				4CD40FF51F13D33900F233BE /* Debug */,
				4CD40FF61F13D33900F233BE /* Release */,
			);
			defaultConfigurationIsVisible = 0;
			defaultConfigurationName = Release;
		};
		4CD40FF71F13D33900F233BE /* Build configuration list for PBXNativeTarget "cookiesnapkit" */ = {
			isa = XCConfigurationList;
			buildConfigurations = (
				4CD40FF81F13D33900F233BE /* Debug */,
				4CD40FF91F13D33900F233BE /* Release */,
			);
			defaultConfigurationIsVisible = 0;
		};
/* End XCConfigurationList section */
	};
	rootObject = 4CD40FDD1F13D33900F233BE /* Project object */;
}
